<?xml version="1.0" encoding="utf-8"?>
<Project ToolsVersion="4.0" xmlns="http://schemas.microsoft.com/developer/msbuild/2003">
  <ItemGroup>
    <Filter Include="Source Files">
      <UniqueIdentifier>{4FC737F1-C7A5-4376-A066-2A32D752A2FF}</UniqueIdentifier>
      <Extensions>cpp;c;cc;cxx;def;odl;idl;hpj;bat;asm;asmx</Extensions>
    </Filter>
    <Filter Include="Header Files">
      <UniqueIdentifier>{93995380-89BD-4b04-88EB-625FBE52EBFB}</UniqueIdentifier>
      <Extensions>h;hh;hpp;hxx;hm;inl;inc;xsd</Extensions>
    </Filter>
    <Filter Include="Resource Files">
      <UniqueIdentifier>{67DA6AB6-F800-4c08-8B7A-83BB121AAD01}</UniqueIdentifier>
      <Extensions>rc;ico;cur;bmp;dlg;rc2;rct;bin;rgs;gif;jpg;jpeg;jpe;resx;tiff;tif;png;wav;mfcribbon-ms</Extensions>
    </Filter>
    <Filter Include="Header Files\Basic">
      <UniqueIdentifier>{14d2d23a-7873-4178-a102-cd2b228907d8}</UniqueIdentifier>
    </Filter>
    <Filter Include="Header Files\Abstract">
      <UniqueIdentifier>{631f1244-e8b4-4761-aced-5cd2878a2729}</UniqueIdentifier>
    </Filter>
    <Filter Include="Source Files\Basic">
      <UniqueIdentifier>{5a7a5349-a06a-4cad-8f41-9990abe06f81}</UniqueIdentifier>
    </Filter>
    <Filter Include="Header Files\AbstractVariations">
      <UniqueIdentifier>{ecfb3ada-ba15-45ea-95ef-cce4dd3c4214}</UniqueIdentifier>
    </Filter>
    <Filter Include="Source Files\AbstractVariations">
      <UniqueIdentifier>{2428d6ee-fd84-4d19-b1b4-85b37235423f}</UniqueIdentifier>
    </Filter>
  </ItemGroup>
  <ItemGroup>
    <ClCompile Include="main.cpp">
      <Filter>Source Files</Filter>
    </ClCompile>
    <ClCompile Include="basic_fsm.cpp">
      <Filter>Source Files\Basic</Filter>
    </ClCompile>
    <ClCompile Include="boring_machine_state.cpp">
      <Filter>Source Files\AbstractVariations</Filter>
    </ClCompile>
    <ClCompile Include="boring_machine.cpp">
      <Filter>Source Files\AbstractVariations</Filter>
    </ClCompile>
    <ClCompile Include="fun_machine.cpp">
      <Filter>Source Files\AbstractVariations</Filter>
    </ClCompile>
    <ClCompile Include="fun_machine_state.cpp">
      <Filter>Source Files\AbstractVariations</Filter>
    </ClCompile>
    <ClCompile Include="saved_machine.cpp">
      <Filter>Source Files\AbstractVariations</Filter>
    </ClCompile>
    <ClCompile Include="saved_machine_state.cpp">
      <Filter>Source Files\AbstractVariations</Filter>
    </ClCompile>
  </ItemGroup>
  <ItemGroup>
    <ClInclude Include="abstract_fsm.h">
      <Filter>Header Files\Abstract</Filter>
    </ClInclude>
    <ClInclude Include="basic_fsm.h">
      <Filter>Header Files\Basic</Filter>
    </ClInclude>
    <ClInclude Include="boring_machine.h">
      <Filter>Header Files\AbstractVariations</Filter>
    </ClInclude>
    <ClInclude Include="boring_machine_state.h">
      <Filter>Header Files\AbstractVariations</Filter>
    </ClInclude>
    <ClInclude Include="fun_machine_state.h">
      <Filter>Header Files\AbstractVariations</Filter>
    </ClInclude>
    <ClInclude Include="fun_machine.h">
      <Filter>Header Files\AbstractVariations</Filter>
    </ClInclude>
    <ClInclude Include="saved_machine.h">
      <Filter>Header Files\AbstractVariations</Filter>
    </ClInclude>
    <ClInclude Include="saved_machine_state.h">
      <Filter>Header Files\AbstractVariations</Filter>
    </ClInclude>
  </ItemGroup>
</Project>